
Microsoft Visual Studio Solution File, Format Version 12.00
# Visual Studio Version 17
VisualStudioVersion = 17.3.32901.215
MinimumVisualStudioVersion = 10.0.40219.1
Project("{9A19103F-16F7-4668-BE54-9A1E7A4F7556}") = "Dotnet_C_Sharp_Tasks", "Dotnet_C_Sharp_Tasks.csproj", "{4C4B222D-2CDC-4C0A-9570-30065E73EA99}"
EndProject
Project("{2150E333-8FDC-42A3-9474-1A3956D46DE8}") = "Solution Items", "Solution Items", "{4B1193FB-02AC-496F-B468-80D9E6B5D7FD}"
	ProjectSection(SolutionItems) = preProject
		.editorconfig = .editorconfig
	EndProjectSection
EndProject
Project("{FAE04EC0-301F-11D3-BF4B-00C04F79EFBC}") = "Internal_Diff_Demo", "..\Internal_Diff_Demo\Internal_Diff_Demo.csproj", "{95DC9D26-A055-4270-A778-FE147AA57AEF}"
EndProject
Global
	GlobalSection(SolutionConfigurationPlatforms) = preSolution
		Debug|Any CPU = Debug|Any CPU
		Release|Any CPU = Release|Any CPU
	EndGlobalSection
	GlobalSection(ProjectConfigurationPlatforms) = postSolution
		{4C4B222D-2CDC-4C0A-9570-30065E73EA99}.Debug|Any CPU.ActiveCfg = Debug|Any CPU
		{4C4B222D-2CDC-4C0A-9570-30065E73EA99}.Debug|Any CPU.Build.0 = Debug|Any CPU
		{4C4B222D-2CDC-4C0A-9570-30065E73EA99}.Release|Any CPU.ActiveCfg = Release|Any CPU
		{4C4B222D-2CDC-4C0A-9570-30065E73EA99}.Release|Any CPU.Build.0 = Release|Any CPU
		{95DC9D26-A055-4270-A778-FE147AA57AEF}.Debug|Any CPU.ActiveCfg = Debug|Any CPU
		{95DC9D26-A055-4270-A778-FE147AA57AEF}.Debug|Any CPU.Build.0 = Debug|Any CPU
		{95DC9D26-A055-4270-A778-FE147AA57AEF}.Release|Any CPU.ActiveCfg = Release|Any CPU
		{95DC9D26-A055-4270-A778-FE147AA57AEF}.Release|Any CPU.Build.0 = Release|Any CPU
	EndGlobalSection
	GlobalSection(SolutionProperties) = preSolution
		HideSolutionNode = FALSE
	EndGlobalSection
	GlobalSection(ExtensibilityGlobals) = postSolution
		SolutionGuid = {B67EAE74-A186-49D0-93B6-6C50482FD416}
	EndGlobalSection
EndGlobal
